// !$*UTF8*$!
{
	archiveVersion = 1;
	classes = {
	};
	objectVersion = 56;
	objects = {

/* Begin PBXBuildFile section */
		4BB8C9F8298A702E00FD4907 /* AppDelegate.swift in Sources */ = {isa = PBXBuildFile; fileRef = 4BB8C9F7298A702E00FD4907 /* AppDelegate.swift */; };
		4BB8C9FA298A702E00FD4907 /* SceneDelegate.swift in Sources */ = {isa = PBXBuildFile; fileRef = 4BB8C9F9298A702E00FD4907 /* SceneDelegate.swift */; };
		4BB8C9FC298A702E00FD4907 /* ViewController.swift in Sources */ = {isa = PBXBuildFile; fileRef = 4BB8C9FB298A702E00FD4907 /* ViewController.swift */; };
		4BB8C9FF298A702E00FD4907 /* Main.storyboard in Resources */ = {isa = PBXBuildFile; fileRef = 4BB8C9FD298A702E00FD4907 /* Main.storyboard */; };
		4BB8CA01298A702F00FD4907 /* Assets.xcassets in Resources */ = {isa = PBXBuildFile; fileRef = 4BB8CA00298A702F00FD4907 /* Assets.xcassets */; };
		4BB8CA04298A702F00FD4907 /* LaunchScreen.storyboard in Resources */ = {isa = PBXBuildFile; fileRef = 4BB8CA02298A702F00FD4907 /* LaunchScreen.storyboard */; };
		4BB8CA0E298A71F900FD4907 /* audio1.mp3 in Resources */ = {isa = PBXBuildFile; fileRef = 4BB8CA0D298A71F900FD4907 /* audio1.mp3 */; };
		4BB8CA10298A71FD00FD4907 /* audio2.mp3 in Resources */ = {isa = PBXBuildFile; fileRef = 4BB8CA0F298A71FD00FD4907 /* audio2.mp3 */; };
/* End PBXBuildFile section */

/* Begin PBXFileReference section */
		4BB8C9F4298A702E00FD4907 /* Task13.app */ = {isa = PBXFileReference; explicitFileType = wrapper.application; includeInIndex = 0; path = Task13.app; sourceTree = BUILT_PRODUCTS_DIR; };
		4BB8C9F7298A702E00FD4907 /* AppDelegate.swift */ = {isa = PBXFileReference; lastKnownFileType = sourcecode.swift; path = AppDelegate.swift; sourceTree = "<group>"; };
		4BB8C9F9298A702E00FD4907 /* SceneDelegate.swift */ = {isa = PBXFileReference; lastKnownFileType = sourcecode.swift; path = SceneDelegate.swift; sourceTree = "<group>"; };
		4BB8C9FB298A702E00FD4907 /* ViewController.swift */ = {isa = PBXFileReference; lastKnownFileType = sourcecode.swift; path = ViewController.swift; sourceTree = "<group>"; };
		4BB8C9FE298A702E00FD4907 /* Base */ = {isa = PBXFileReference; lastKnownFileType = file.storyboard; name = Base; path = Base.lproj/Main.storyboard; sourceTree = "<group>"; };
		4BB8CA00298A702F00FD4907 /* Assets.xcassets */ = {isa = PBXFileReference; lastKnownFileType = folder.assetcatalog; path = Assets.xcassets; sourceTree = "<group>"; };
		4BB8CA03298A702F00FD4907 /* Base */ = {isa = PBXFileReference; lastKnownFileType = file.storyboard; name = Base; path = Base.lproj/LaunchScreen.storyboard; sourceTree = "<group>"; };
		4BB8CA05298A702F00FD4907 /* Info.plist */ = {isa = PBXFileReference; lastKnownFileType = text.plist.xml; path = Info.plist; sourceTree = "<group>"; };
		4BB8CA0D298A71F900FD4907 /* audio1.mp3 */ = {isa = PBXFileReference; lastKnownFileType = audio.mp3; path = audio1.mp3; sourceTree = "<group>"; };
		4BB8CA0F298A71FD00FD4907 /* audio2.mp3 */ = {isa = PBXFileReference; lastKnownFileType = audio.mp3; path = audio2.mp3; sourceTree = "<group>"; };
		4BD50338298A8856007098F2 /* video2.mp4 */ = {isa = PBXFileReference; lastKnownFileType = file; path = video2.mp4; sourceTree = "<group>"; };
		4BD50339298A8866007098F2 /* video1.mp4 */ = {isa = PBXFileReference; lastKnownFileType = file; path = video1.mp4; sourceTree = "<group>"; };
		4BD5033A298A886B007098F2 /* video3.mp4 */ = {isa = PBXFileReference; lastKnownFileType = file; path = video3.mp4; sourceTree = "<group>"; };
/* End PBXFileReference section */

/* Begin PBXFrameworksBuildPhase section */
		4BB8C9F1298A702D00FD4907 /* Frameworks */ = {
			isa = PBXFrameworksBuildPhase;
			buildActionMask = 2147483647;
			files = (
			);
			runOnlyForDeploymentPostprocessing = 0;
		};
/* End PBXFrameworksBuildPhase section */

/* Begin PBXGroup section */
		4BB8C9EB298A702D00FD4907 = {
			isa = PBXGroup;
			children = (
				4BB8C9F6298A702E00FD4907 /* Task13 */,
				4BB8C9F5298A702E00FD4907 /* Products */,
			);
			sourceTree = "<group>";
		};
		4BB8C9F5298A702E00FD4907 /* Products */ = {
			isa = PBXGroup;
			children = (
				4BB8C9F4298A702E00FD4907 /* Task13.app */,
			);
			name = Products;
			sourceTree = "<group>";
		};
		4BB8C9F6298A702E00FD4907 /* Task13 */ = {
			isa = PBXGroup;
			children = (
				4BB8C9F7298A702E00FD4907 /* AppDelegate.swift */,
				4BB8C9F9298A702E00FD4907 /* SceneDelegate.swift */,
				4BB8C9FB298A702E00FD4907 /* ViewController.swift */,
				4BB8C9FD298A702E00FD4907 /* Main.storyboard */,
				4BB8CA0D298A71F900FD4907 /* audio1.mp3 */,
				4BB8CA0F298A71FD00FD4907 /* audio2.mp3 */,
				4BD50339298A8866007098F2 /* video1.mp4 */,
				4BD50338298A8856007098F2 /* video2.mp4 */,
				4BD5033A298A886B007098F2 /* video3.mp4 */,
				4BB8CA00298A702F00FD4907 /* Assets.xcassets */,
				4BB8CA02298A702F00FD4907 /* LaunchScreen.storyboard */,
				4BB8CA05298A702F00FD4907 /* Info.plist */,
			);
			path = Task13;
			sourceTree = "<group>";
		};
/* End PBXGroup section */

/* Begin PBXNativeTarget section */
		4BB8C9F3298A702D00FD4907 /* Task13 */ = {
			isa = PBXNativeTarget;
			buildConfigurationList = 4BB8CA08298A702F00FD4907 /* Build configuration list for PBXNativeTarget "Task13" */;
			buildPhases = (
				4BB8C9F0298A702D00FD4907 /* Sources */,
				4BB8C9F1298A702D00FD4907 /* Frameworks */,
				4BB8C9F2298A702D00FD4907 /* Resources */,
			);
			buildRules = (
			);
			dependencies = (
			);
			name = Task13;
			productName = Task13;
			productReference = 4BB8C9F4298A702E00FD4907 /* Task13.app */;
			productType = "com.apple.product-type.application";
		};
/* End PBXNativeTarget section */

/* Begin PBXProject section */
		4BB8C9EC298A702D00FD4907 /* Project object */ = {
			isa = PBXProject;
			attributes = {
				BuildIndependentTargetsInParallel = 1;
				LastSwiftUpdateCheck = 1420;
				LastUpgradeCheck = 1420;
				TargetAttributes = {
					4BB8C9F3298A702D00FD4907 = {
						CreatedOnToolsVersion = 14.2;
					};
				};
			};
			buildConfigurationList = 4BB8C9EF298A702D00FD4907 /* Build configuration list for PBXProject "Task13" */;
			compatibilityVersion = "Xcode 14.0";
			developmentRegion = en;
			hasScannedForEncodings = 0;
			knownRegions = (
				en,
				Base,
			);
			mainGroup = 4BB8C9EB298A702D00FD4907;
			productRefGroup = 4BB8C9F5298A702E00FD4907 /* Products */;
			projectDirPath = "";
			projectRoot = "";
			targets = (
				4BB8C9F3298A702D00FD4907 /* Task13 */,
			);
		};
/* End PBXProject section */

/* Begin PBXResourcesBuildPhase section */
		4BB8C9F2298A702D00FD4907 /* Resources */ = {
			isa = PBXResourcesBuildPhase;
			buildActionMask = 2147483647;
			files = (
				4BB8CA10298A71FD00FD4907 /* audio2.mp3 in Resources */,
				4BB8CA0E298A71F900FD4907 /* audio1.mp3 in Resources */,
				4BB8CA04298A702F00FD4907 /* LaunchScreen.storyboard in Resources */,
				4BB8CA01298A702F00FD4907 /* Assets.xcassets in Resources */,
				4BB8C9FF298A702E00FD4907 /* Main.storyboard in Resources */,
			);
			runOnlyForDeploymentPostprocessing = 0;
		};
/* End PBXResourcesBuildPhase section */

/* Begin PBXSourcesBuildPhase section */
		4BB8C9F0298A702D00FD4907 /* Sources */ = {
			isa = PBXSourcesBuildPhase;
			buildActionMask = 2147483647;
			files = (
				4BB8C9FC298A702E00FD4907 /* ViewController.swift in Sources */,
				4BB8C9F8298A702E00FD4907 /* AppDelegate.swift in Sources */,
				4BB8C9FA298A702E00FD4907 /* SceneDelegate.swift in Sources */,
			);
			runOnlyForDeploymentPostprocessing = 0;
		};
/* End PBXSourcesBuildPhase section */

/* Begin PBXVariantGroup section */
		4BB8C9FD298A702E00FD4907 /* Main.storyboard */ = {
			isa = PBXVariantGroup;
			children = (
				4BB8C9FE298A702E00FD4907 /* Base */,
			);
			name = Main.storyboard;
			sourceTree = "<group>";
		};
		4BB8CA02298A702F00FD4907 /* LaunchScreen.storyboard */ = {
			isa = PBXVariantGroup;
			children = (
				4BB8CA03298A702F00FD4907 /* Base */,
			);
			name = LaunchScreen.storyboard;
			sourceTree = "<group>";
		};
/* End PBXVariantGroup section */

/* Begin XCBuildConfiguration section */
		4BB8CA06298A702F00FD4907 /* Debug */ = {
			isa = XCBuildConfiguration;
			buildSettings = {
				ALWAYS_SEARCH_USER_PATHS = NO;
				CLANG_ANALYZER_NONNULL = YES;
				CLANG_ANALYZER_NUMBER_OBJECT_CONVERSION = YES_AGGRESSIVE;
				CLANG_CXX_LANGUAGE_STANDARD = "gnu++20";
				CLANG_ENABLE_MODULES = YES;
				CLANG_ENABLE_OBJC_ARC = YES;
				CLANG_ENABLE_OBJC_WEAK = YES;
				CLANG_WARN_BLOCK_CAPTURE_AUTORELEASING = YES;
				CLANG_WARN_BOOL_CONVERSION = YES;
				CLANG_WARN_COMMA = YES;
				CLANG_WARN_CONSTANT_CONVERSION = YES;
				CLANG_WARN_DEPRECATED_OBJC_IMPLEMENTATIONS = YES;
				CLANG_WARN_DIRECT_OBJC_ISA_USAGE = YES_ERROR;
				CLANG_WARN_DOCUMENTATION_COMMENTS = YES;
				CLANG_WARN_EMPTY_BODY = YES;
				CLANG_WARN_ENUM_CONVERSION = YES;
				CLANG_WARN_INFINITE_RECURSION = YES;
				CLANG_WARN_INT_CONVERSION = YES;
				CLANG_WARN_NON_LITERAL_NULL_CONVERSION = YES;
				CLANG_WARN_OBJC_IMPLICIT_RETAIN_SELF = YES;
				CLANG_WARN_OBJC_LITERAL_CONVERSION = YES;
				CLANG_WARN_OBJC_ROOT_CLASS = YES_ERROR;
				CLANG_WARN_QUOTED_INCLUDE_IN_FRAMEWORK_HEADER = YES;
				CLANG_WARN_RANGE_LOOP_ANALYSIS = YES;
				CLANG_WARN_STRICT_PROTOTYPES = YES;
				CLANG_WARN_SUSPICIOUS_MOVE = YES;
				CLANG_WARN_UNGUARDED_AVAILABILITY = YES_AGGRESSIVE;
				CLANG_WARN_UNREACHABLE_CODE = YES;
				CLANG_WARN__DUPLICATE_METHOD_MATCH = YES;
				COPY_PHASE_STRIP = NO;
				DEBUG_INFORMATION_FORMAT = dwarf;
				ENABLE_STRICT_OBJC_MSGSEND = YES;
				ENABLE_TESTABILITY = YES;
				GCC_C_LANGUAGE_STANDARD = gnu11;
				GCC_DYNAMIC_NO_PIC = NO;
				GCC_NO_COMMON_BLOCKS = YES;
				GCC_OPTIMIZATION_LEVEL = 0;
				GCC_PREPROCESSOR_DEFINITIONS = (
					"DEBUG=1",
					"$(inherited)",
				);
				GCC_WARN_64_TO_32_BIT_CONVERSION = YES;
				GCC_WARN_ABOUT_RETURN_TYPE = YES_ERROR;
				GCC_WARN_UNDECLARED_SELECTOR = YES;
				GCC_WARN_UNINITIALIZED_AUTOS = YES_AGGRESSIVE;
				GCC_WARN_UNUSED_FUNCTION = YES;
				GCC_WARN_UNUSED_VARIABLE = YES;
				IPHONEOS_DEPLOYMENT_TARGET = 16.2;
				MTL_ENABLE_DEBUG_INFO = INCLUDE_SOURCE;
				MTL_FAST_MATH = YES;
				ONLY_ACTIVE_ARCH = YES;
				SDKROOT = iphoneos;
				SWIFT_ACTIVE_COMPILATION_CONDITIONS = DEBUG;
				SWIFT_OPTIMIZATION_LEVEL = "-Onone";
			};
			name = Debug;
		};
		4BB8CA07298A702F00FD4907 /* Release */ = {
			isa = XCBuildConfiguration;
			buildSettings = {
				ALWAYS_SEARCH_USER_PATHS = NO;
				CLANG_ANALYZER_NONNULL = YES;
				CLANG_ANALYZER_NUMBER_OBJECT_CONVERSION = YES_AGGRESSIVE;
				CLANG_CXX_LANGUAGE_STANDARD = "gnu++20";
				CLANG_ENABLE_MODULES = YES;
				CLANG_ENABLE_OBJC_ARC = YES;
				CLANG_ENABLE_OBJC_WEAK = YES;
				CLANG_WARN_BLOCK_CAPTURE_AUTORELEASING = YES;
				CLANG_WARN_BOOL_CONVERSION = YES;
				CLANG_WARN_COMMA = YES;
				CLANG_WARN_CONSTANT_CONVERSION = YES;
				CLANG_WARN_DEPRECATED_OBJC_IMPLEMENTATIONS = YES;
				CLANG_WARN_DIRECT_OBJC_ISA_USAGE = YES_ERROR;
				CLANG_WARN_DOCUMENTATION_COMMENTS = YES;
				CLANG_WARN_EMPTY_BODY = YES;
				CLANG_WARN_ENUM_CONVERSION = YES;
				CLANG_WARN_INFINITE_RECURSION = YES;
				CLANG_WARN_INT_CONVERSION = YES;
				CLANG_WARN_NON_LITERAL_NULL_CONVERSION = YES;
				CLANG_WARN_OBJC_IMPLICIT_RETAIN_SELF = YES;
				CLANG_WARN_OBJC_LITERAL_CONVERSION = YES;
				CLANG_WARN_OBJC_ROOT_CLASS = YES_ERROR;
				CLANG_WARN_QUOTED_INCLUDE_IN_FRAMEWORK_HEADER = YES;
				CLANG_WARN_RANGE_LOOP_ANALYSIS = YES;
				CLANG_WARN_STRICT_PROTOTYPES = YES;
				CLANG_WARN_SUSPICIOUS_MOVE = YES;
				CLANG_WARN_UNGUARDED_AVAILABILITY = YES_AGGRESSIVE;
				CLANG_WARN_UNREACHABLE_CODE = YES;
				CLANG_WARN__DUPLICATE_METHOD_MATCH = YES;
				COPY_PHASE_STRIP = NO;
				DEBUG_INFORMATION_FORMAT = "dwarf-with-dsym";
				ENABLE_NS_ASSERTIONS = NO;
				ENABLE_STRICT_OBJC_MSGSEND = YES;
				GCC_C_LANGUAGE_STANDARD = gnu11;
				GCC_NO_COMMON_BLOCKS = YES;
				GCC_WARN_64_TO_32_BIT_CONVERSION = YES;
				GCC_WARN_ABOUT_RETURN_TYPE = YES_ERROR;
				GCC_WARN_UNDECLARED_SELECTOR = YES;
				GCC_WARN_UNINITIALIZED_AUTOS = YES_AGGRESSIVE;
				GCC_WARN_UNUSED_FUNCTION = YES;
				GCC_WARN_UNUSED_VARIABLE = YES;
				IPHONEOS_DEPLOYMENT_TARGET = 16.2;
				MTL_ENABLE_DEBUG_INFO = NO;
				MTL_FAST_MATH = YES;
				SDKROOT = iphoneos;
				SWIFT_COMPILATION_MODE = wholemodule;
				SWIFT_OPTIMIZATION_LEVEL = "-O";
				VALIDATE_PRODUCT = YES;
			};
			name = Release;
		};
		4BB8CA09298A702F00FD4907 /* Debug */ = {
			isa = XCBuildConfiguration;
			buildSettings = {
				ASSETCATALOG_COMPILER_APPICON_NAME = AppIcon;
				ASSETCATALOG_COMPILER_GLOBAL_ACCENT_COLOR_NAME = AccentColor;
				CODE_SIGN_STYLE = Automatic;
				CURRENT_PROJECT_VERSION = 1;
				DEVELOPMENT_TEAM = 83RWD64KH8;
				GENERATE_INFOPLIST_FILE = YES;
				INFOPLIST_FILE = Task13/Info.plist;
				INFOPLIST_KEY_UIApplicationSupportsIndirectInputEvents = YES;
				INFOPLIST_KEY_UILaunchStoryboardName = LaunchScreen;
				INFOPLIST_KEY_UIMainStoryboardFile = Main;
				INFOPLIST_KEY_UISupportedInterfaceOrientations_iPad = "UIInterfaceOrientationPortrait UIInterfaceOrientationPortraitUpsideDown UIInterfaceOrientationLandscapeLeft UIInterfaceOrientationLandscapeRight";
				INFOPLIST_KEY_UISupportedInterfaceOrientations_iPhone = "UIInterfaceOrientationPortrait UIInterfaceOrientationLandscapeLeft UIInterfaceOrientationLandscapeRight";
				LD_RUNPATH_SEARCH_PATHS = (
					"$(inherited)",
					"@executable_path/Frameworks",
				);
				MARKETING_VERSION = 1.0;
				PRODUCT_BUNDLE_IDENTIFIER = SummerSpring.Task13;
				PRODUCT_NAME = "$(TARGET_NAME)";
				SWIFT_EMIT_LOC_STRINGS = YES;
				SWIFT_VERSION = 5.0;
				TARGETED_DEVICE_FAMILY = "1,2";
			};
			name = Debug;
		};
		4BB8CA0A298A702F00FD4907 /* Release */ = {
			isa = XCBuildConfiguration;
			buildSettings = {
				ASSETCATALOG_COMPILER_APPICON_NAME = AppIcon;
				ASSETCATALOG_COMPILER_GLOBAL_ACCENT_COLOR_NAME = AccentColor;
				CODE_SIGN_STYLE = Automatic;
				CURRENT_PROJECT_VERSION = 1;
				DEVELOPMENT_TEAM = 83RWD64KH8;
				GENERATE_INFOPLIST_FILE = YES;
				INFOPLIST_FILE = Task13/Info.plist;
				INFOPLIST_KEY_UIApplicationSupportsIndirectInputEvents = YES;
				INFOPLIST_KEY_UILaunchStoryboardName = LaunchScreen;
				INFOPLIST_KEY_UIMainStoryboardFile = Main;
				INFOPLIST_KEY_UISupportedInterfaceOrientations_iPad = "UIInterfaceOrientationPortrait UIInterfaceOrientationPortraitUpsideDown UIInterfaceOrientationLandscapeLeft UIInterfaceOrientationLandscapeRight";
				INFOPLIST_KEY_UISupportedInterfaceOrientations_iPhone = "UIInterfaceOrientationPortrait UIInterfaceOrientationLandscapeLeft UIInterfaceOrientationLandscapeRight";
				LD_RUNPATH_SEARCH_PATHS = (
					"$(inherited)",
					"@executable_path/Frameworks",
				);
				MARKETING_VERSION = 1.0;
				PRODUCT_BUNDLE_IDENTIFIER = SummerSpring.Task13;
				PRODUCT_NAME = "$(TARGET_NAME)";
				SWIFT_EMIT_LOC_STRINGS = YES;
				SWIFT_VERSION = 5.0;
				TARGETED_DEVICE_FAMILY = "1,2";
			};
			name = Release;
		};
/* End XCBuildConfiguration section */

/* Begin XCConfigurationList section */
		4BB8C9EF298A702D00FD4907 /* Build configuration list for PBXProject "Task13" */ = {
			isa = XCConfigurationList;
			buildConfigurations = (
				4BB8CA06298A702F00FD4907 /* Debug */,
				4BB8CA07298A702F00FD4907 /* Release */,
			);
			defaultConfigurationIsVisible = 0;
			defaultConfigurationName = Release;
		};
		4BB8CA08298A702F00FD4907 /* Build configuration list for PBXNativeTarget "Task13" */ = {
			isa = XCConfigurationList;
			buildConfigurations = (
				4BB8CA09298A702F00FD4907 /* Debug */,
				4BB8CA0A298A702F00FD4907 /* Release */,
			);
			defaultConfigurationIsVisible = 0;
			defaultConfigurationName = Release;
		};
/* End XCConfigurationList section */
	};
	rootObject = 4BB8C9EC298A702D00FD4907 /* Project object */;
}
