PODS:
  - Bond (7.8.1):
    - Differ (~> 1.4)
    - ReactiveKit (~> 3.14)
  - Differ (1.4.5)
  - ReactiveKit (3.17.4)
  - Realm (10.21.1):
    - Realm/Headers (= 10.21.1)
  - Realm/Headers (10.21.1)
  - RealmSwift (10.21.1):
    - Realm (= 10.21.1)

DEPENDENCIES:
  - Bond
  - RealmSwift

SPEC REPOS:
  trunk:
    - Bond
    - Differ
    - ReactiveKit
    - Realm
    - RealmSwift

SPEC CHECKSUMS:
  Bond: 87075c7f20f37ea3e73dc7057fce839787bf46eb
  Differ: 3b6bd78e2b20cc795d9a86f7641d087524e4273e
  ReactiveKit: f9f9e079efa39312c597bf1508ef4810d111ce76
  Realm: 44b41c3ae39e3ecfded71a04434bfde066c7b317
  RealmSwift: dbf9a4eb06e0c929d51c4ef2e8f951bca541feab

PODFILE CHECKSUM: 022ca6a1154859caa160708324c801c2e1421856

COCOAPODS: 1.11.2
